// !$*UTF8*$!
{
	archiveVersion = 1;
	classes = {
	};
	objectVersion = 56;
	objects = {

/* Begin PBXBuildFile section */
		9F1153F72B3539BF004B4693 /* ViewExtentions.swift in Sources */ = {isa = PBXBuildFile; fileRef = 9F1153F62B3539BF004B4693 /* ViewExtentions.swift */; };
		9F1153F92B35F05B004B4693 /* Date_Extensions.swift in Sources */ = {isa = PBXBuildFile; fileRef = 9F1153F82B35F05B004B4693 /* Date_Extensions.swift */; };
		9F1153FB2B35F5BC004B4693 /* CardView.swift in Sources */ = {isa = PBXBuildFile; fileRef = 9F1153FA2B35F5BC004B4693 /* CardView.swift */; };
		9F1153FD2B36D63C004B4693 /* TransactionCardView.swift in Sources */ = {isa = PBXBuildFile; fileRef = 9F1153FC2B36D63C004B4693 /* TransactionCardView.swift */; };
		9F1154012B36E3E4004B4693 /* SwipeAction.swift in Sources */ = {isa = PBXBuildFile; fileRef = 9F1154002B36E3E4004B4693 /* SwipeAction.swift */; };
		9F1154032B38386B004B4693 /* DateFilterView.swift in Sources */ = {isa = PBXBuildFile; fileRef = 9F1154022B38386B004B4693 /* DateFilterView.swift */; };
		9F1154052B388427004B4693 /* LockView.swift in Sources */ = {isa = PBXBuildFile; fileRef = 9F1154042B388427004B4693 /* LockView.swift */; };
		9F1154082B389044004B4693 /* TransactionView.swift in Sources */ = {isa = PBXBuildFile; fileRef = 9F1154072B389044004B4693 /* TransactionView.swift */; };
		9F11540A2B389C4C004B4693 /* CustomFormSection.swift in Sources */ = {isa = PBXBuildFile; fileRef = 9F1154092B389C4C004B4693 /* CustomFormSection.swift */; };
		9F11540C2B3C32C0004B4693 /* FilterTransactionView.swift in Sources */ = {isa = PBXBuildFile; fileRef = 9F11540B2B3C32C0004B4693 /* FilterTransactionView.swift */; };
		9F6BB4062B3F1E8E00294A00 /* ChartModel.swift in Sources */ = {isa = PBXBuildFile; fileRef = 9F6BB4052B3F1E8E00294A00 /* ChartModel.swift */; };
		9FBB3B522B3476B200C81A58 /* ExpenseTrackerApp.swift in Sources */ = {isa = PBXBuildFile; fileRef = 9FBB3B512B3476B200C81A58 /* ExpenseTrackerApp.swift */; };
		9FBB3B542B3476B200C81A58 /* ContentView.swift in Sources */ = {isa = PBXBuildFile; fileRef = 9FBB3B532B3476B200C81A58 /* ContentView.swift */; };
		9FBB3B562B3476B400C81A58 /* Assets.xcassets in Resources */ = {isa = PBXBuildFile; fileRef = 9FBB3B552B3476B400C81A58 /* Assets.xcassets */; };
		9FBB3B592B3476B400C81A58 /* Preview Assets.xcassets in Resources */ = {isa = PBXBuildFile; fileRef = 9FBB3B582B3476B400C81A58 /* Preview Assets.xcassets */; };
		9FBB3B662B34778B00C81A58 /* IntroView.swift in Sources */ = {isa = PBXBuildFile; fileRef = 9FBB3B652B34778B00C81A58 /* IntroView.swift */; };
		9FBB3B682B3479CA00C81A58 /* PointsView.swift in Sources */ = {isa = PBXBuildFile; fileRef = 9FBB3B672B3479CA00C81A58 /* PointsView.swift */; };
		9FBB3B6B2B347ABA00C81A58 /* Constants.swift in Sources */ = {isa = PBXBuildFile; fileRef = 9FBB3B6A2B347ABA00C81A58 /* Constants.swift */; };
		9FBB3B6F2B347EF400C81A58 /* Styles.swift in Sources */ = {isa = PBXBuildFile; fileRef = 9FBB3B6E2B347EF400C81A58 /* Styles.swift */; };
		9FBB3B712B349A9600C81A58 /* Tab.swift in Sources */ = {isa = PBXBuildFile; fileRef = 9FBB3B702B349A9600C81A58 /* Tab.swift */; };
		9FBB3B732B34A0A300C81A58 /* Category.swift in Sources */ = {isa = PBXBuildFile; fileRef = 9FBB3B722B34A0A200C81A58 /* Category.swift */; };
		9FBB3B752B34A10B00C81A58 /* Transaction.swift in Sources */ = {isa = PBXBuildFile; fileRef = 9FBB3B742B34A10B00C81A58 /* Transaction.swift */; };
		9FBB3B772B34A1F800C81A58 /* TintColor.swift in Sources */ = {isa = PBXBuildFile; fileRef = 9FBB3B762B34A1F800C81A58 /* TintColor.swift */; };
		9FBB3B7A2B35339D00C81A58 /* RecentsView.swift in Sources */ = {isa = PBXBuildFile; fileRef = 9FBB3B792B35339D00C81A58 /* RecentsView.swift */; };
		9FBB3B7C2B3533AB00C81A58 /* SearchView.swift in Sources */ = {isa = PBXBuildFile; fileRef = 9FBB3B7B2B3533AB00C81A58 /* SearchView.swift */; };
		9FBB3B7E2B3533C700C81A58 /* GraphsView.swift in Sources */ = {isa = PBXBuildFile; fileRef = 9FBB3B7D2B3533C700C81A58 /* GraphsView.swift */; };
		9FBB3B802B3533D400C81A58 /* SettingsView.swift in Sources */ = {isa = PBXBuildFile; fileRef = 9FBB3B7F2B3533D400C81A58 /* SettingsView.swift */; };
/* End PBXBuildFile section */

/* Begin PBXFileReference section */
		9F1153F62B3539BF004B4693 /* ViewExtentions.swift */ = {isa = PBXFileReference; lastKnownFileType = sourcecode.swift; path = ViewExtentions.swift; sourceTree = "<group>"; };
		9F1153F82B35F05B004B4693 /* Date_Extensions.swift */ = {isa = PBXFileReference; lastKnownFileType = sourcecode.swift; path = Date_Extensions.swift; sourceTree = "<group>"; };
		9F1153FA2B35F5BC004B4693 /* CardView.swift */ = {isa = PBXFileReference; lastKnownFileType = sourcecode.swift; path = CardView.swift; sourceTree = "<group>"; };
		9F1153FC2B36D63C004B4693 /* TransactionCardView.swift */ = {isa = PBXFileReference; lastKnownFileType = sourcecode.swift; path = TransactionCardView.swift; sourceTree = "<group>"; };
		9F1154002B36E3E4004B4693 /* SwipeAction.swift */ = {isa = PBXFileReference; lastKnownFileType = sourcecode.swift; path = SwipeAction.swift; sourceTree = "<group>"; };
		9F1154022B38386B004B4693 /* DateFilterView.swift */ = {isa = PBXFileReference; lastKnownFileType = sourcecode.swift; path = DateFilterView.swift; sourceTree = "<group>"; };
		9F1154042B388427004B4693 /* LockView.swift */ = {isa = PBXFileReference; lastKnownFileType = sourcecode.swift; path = LockView.swift; sourceTree = "<group>"; };
		9F1154072B389044004B4693 /* TransactionView.swift */ = {isa = PBXFileReference; lastKnownFileType = sourcecode.swift; path = TransactionView.swift; sourceTree = "<group>"; };
		9F1154092B389C4C004B4693 /* CustomFormSection.swift */ = {isa = PBXFileReference; lastKnownFileType = sourcecode.swift; path = CustomFormSection.swift; sourceTree = "<group>"; };
		9F11540B2B3C32C0004B4693 /* FilterTransactionView.swift */ = {isa = PBXFileReference; lastKnownFileType = sourcecode.swift; path = FilterTransactionView.swift; sourceTree = "<group>"; };
		9F6BB4052B3F1E8E00294A00 /* ChartModel.swift */ = {isa = PBXFileReference; lastKnownFileType = sourcecode.swift; path = ChartModel.swift; sourceTree = "<group>"; };
		9FBB3B4E2B3476B200C81A58 /* ExpenseTracker.app */ = {isa = PBXFileReference; explicitFileType = wrapper.application; includeInIndex = 0; path = ExpenseTracker.app; sourceTree = BUILT_PRODUCTS_DIR; };
		9FBB3B512B3476B200C81A58 /* ExpenseTrackerApp.swift */ = {isa = PBXFileReference; lastKnownFileType = sourcecode.swift; path = ExpenseTrackerApp.swift; sourceTree = "<group>"; };
		9FBB3B532B3476B200C81A58 /* ContentView.swift */ = {isa = PBXFileReference; lastKnownFileType = sourcecode.swift; path = ContentView.swift; sourceTree = "<group>"; };
		9FBB3B552B3476B400C81A58 /* Assets.xcassets */ = {isa = PBXFileReference; lastKnownFileType = folder.assetcatalog; path = Assets.xcassets; sourceTree = "<group>"; };
		9FBB3B582B3476B400C81A58 /* Preview Assets.xcassets */ = {isa = PBXFileReference; lastKnownFileType = folder.assetcatalog; path = "Preview Assets.xcassets"; sourceTree = "<group>"; };
		9FBB3B652B34778B00C81A58 /* IntroView.swift */ = {isa = PBXFileReference; lastKnownFileType = sourcecode.swift; path = IntroView.swift; sourceTree = "<group>"; };
		9FBB3B672B3479CA00C81A58 /* PointsView.swift */ = {isa = PBXFileReference; lastKnownFileType = sourcecode.swift; path = PointsView.swift; sourceTree = "<group>"; };
		9FBB3B6A2B347ABA00C81A58 /* Constants.swift */ = {isa = PBXFileReference; lastKnownFileType = sourcecode.swift; path = Constants.swift; sourceTree = "<group>"; };
		9FBB3B6E2B347EF400C81A58 /* Styles.swift */ = {isa = PBXFileReference; lastKnownFileType = sourcecode.swift; path = Styles.swift; sourceTree = "<group>"; };
		9FBB3B702B349A9600C81A58 /* Tab.swift */ = {isa = PBXFileReference; lastKnownFileType = sourcecode.swift; path = Tab.swift; sourceTree = "<group>"; };
		9FBB3B722B34A0A200C81A58 /* Category.swift */ = {isa = PBXFileReference; lastKnownFileType = sourcecode.swift; path = Category.swift; sourceTree = "<group>"; };
		9FBB3B742B34A10B00C81A58 /* Transaction.swift */ = {isa = PBXFileReference; lastKnownFileType = sourcecode.swift; path = Transaction.swift; sourceTree = "<group>"; };
		9FBB3B762B34A1F800C81A58 /* TintColor.swift */ = {isa = PBXFileReference; lastKnownFileType = sourcecode.swift; path = TintColor.swift; sourceTree = "<group>"; };
		9FBB3B792B35339D00C81A58 /* RecentsView.swift */ = {isa = PBXFileReference; lastKnownFileType = sourcecode.swift; path = RecentsView.swift; sourceTree = "<group>"; };
		9FBB3B7B2B3533AB00C81A58 /* SearchView.swift */ = {isa = PBXFileReference; lastKnownFileType = sourcecode.swift; path = SearchView.swift; sourceTree = "<group>"; };
		9FBB3B7D2B3533C700C81A58 /* GraphsView.swift */ = {isa = PBXFileReference; lastKnownFileType = sourcecode.swift; path = GraphsView.swift; sourceTree = "<group>"; };
		9FBB3B7F2B3533D400C81A58 /* SettingsView.swift */ = {isa = PBXFileReference; lastKnownFileType = sourcecode.swift; path = SettingsView.swift; sourceTree = "<group>"; };
/* End PBXFileReference section */

/* Begin PBXFrameworksBuildPhase section */
		9FBB3B4B2B3476B200C81A58 /* Frameworks */ = {
			isa = PBXFrameworksBuildPhase;
			buildActionMask = 2147483647;
			files = (
			);
			runOnlyForDeploymentPostprocessing = 0;
		};
/* End PBXFrameworksBuildPhase section */

/* Begin PBXGroup section */
		9FBB3B452B3476B200C81A58 = {
			isa = PBXGroup;
			children = (
				9FBB3B502B3476B200C81A58 /* ExpenseTracker */,
				9FBB3B4F2B3476B200C81A58 /* Products */,
			);
			sourceTree = "<group>";
		};
		9FBB3B4F2B3476B200C81A58 /* Products */ = {
			isa = PBXGroup;
			children = (
				9FBB3B4E2B3476B200C81A58 /* ExpenseTracker.app */,
			);
			name = Products;
			sourceTree = "<group>";
		};
		9FBB3B502B3476B200C81A58 /* ExpenseTracker */ = {
			isa = PBXGroup;
			children = (
				9FBB3B692B347AA500C81A58 /* Helpers */,
				9FBB3B602B34772C00C81A58 /* View */,
				9FBB3B5F2B34772400C81A58 /* Model */,
				9FBB3B512B3476B200C81A58 /* ExpenseTrackerApp.swift */,
				9FBB3B532B3476B200C81A58 /* ContentView.swift */,
				9FBB3B552B3476B400C81A58 /* Assets.xcassets */,
				9FBB3B572B3476B400C81A58 /* Preview Content */,
			);
			path = ExpenseTracker;
			sourceTree = "<group>";
		};
		9FBB3B572B3476B400C81A58 /* Preview Content */ = {
			isa = PBXGroup;
			children = (
				9FBB3B582B3476B400C81A58 /* Preview Assets.xcassets */,
			);
			path = "Preview Content";
			sourceTree = "<group>";
		};
		9FBB3B5F2B34772400C81A58 /* Model */ = {
			isa = PBXGroup;
			children = (
				9FBB3B702B349A9600C81A58 /* Tab.swift */,
				9FBB3B722B34A0A200C81A58 /* Category.swift */,
				9FBB3B742B34A10B00C81A58 /* Transaction.swift */,
				9FBB3B762B34A1F800C81A58 /* TintColor.swift */,
				9F6BB4052B3F1E8E00294A00 /* ChartModel.swift */,
			);
			path = Model;
			sourceTree = "<group>";
		};
		9FBB3B602B34772C00C81A58 /* View */ = {
			isa = PBXGroup;
			children = (
				9FBB3B6D2B347BCF00C81A58 /* MainViews */,
				9FBB3B6C2B347BB700C81A58 /* ReusableViews */,
			);
			path = View;
			sourceTree = "<group>";
		};
		9FBB3B692B347AA500C81A58 /* Helpers */ = {
			isa = PBXGroup;
			children = (
				9FBB3B6A2B347ABA00C81A58 /* Constants.swift */,
				9FBB3B6E2B347EF400C81A58 /* Styles.swift */,
				9F1153F62B3539BF004B4693 /* ViewExtentions.swift */,
				9F1153F82B35F05B004B4693 /* Date_Extensions.swift */,
				9F1154002B36E3E4004B4693 /* SwipeAction.swift */,
				9F1154022B38386B004B4693 /* DateFilterView.swift */,
				9F1154042B388427004B4693 /* LockView.swift */,
				9F11540B2B3C32C0004B4693 /* FilterTransactionView.swift */,
			);
			path = Helpers;
			sourceTree = "<group>";
		};
		9FBB3B6C2B347BB700C81A58 /* ReusableViews */ = {
			isa = PBXGroup;
			children = (
				9FBB3B672B3479CA00C81A58 /* PointsView.swift */,
				9F1153FA2B35F5BC004B4693 /* CardView.swift */,
				9F1153FC2B36D63C004B4693 /* TransactionCardView.swift */,
				9F1154092B389C4C004B4693 /* CustomFormSection.swift */,
			);
			path = ReusableViews;
			sourceTree = "<group>";
		};
		9FBB3B6D2B347BCF00C81A58 /* MainViews */ = {
			isa = PBXGroup;
			children = (
				9FBB3B782B35336700C81A58 /* TabViews */,
				9FBB3B652B34778B00C81A58 /* IntroView.swift */,
				9F1154072B389044004B4693 /* TransactionView.swift */,
			);
			path = MainViews;
			sourceTree = "<group>";
		};
		9FBB3B782B35336700C81A58 /* TabViews */ = {
			isa = PBXGroup;
			children = (
				9FBB3B792B35339D00C81A58 /* RecentsView.swift */,
				9FBB3B7B2B3533AB00C81A58 /* SearchView.swift */,
				9FBB3B7D2B3533C700C81A58 /* GraphsView.swift */,
				9FBB3B7F2B3533D400C81A58 /* SettingsView.swift */,
			);
			path = TabViews;
			sourceTree = "<group>";
		};
/* End PBXGroup section */

/* Begin PBXNativeTarget section */
		9FBB3B4D2B3476B200C81A58 /* ExpenseTracker */ = {
			isa = PBXNativeTarget;
			buildConfigurationList = 9FBB3B5C2B3476B400C81A58 /* Build configuration list for PBXNativeTarget "ExpenseTracker" */;
			buildPhases = (
				9FBB3B4A2B3476B200C81A58 /* Sources */,
				9FBB3B4B2B3476B200C81A58 /* Frameworks */,
				9FBB3B4C2B3476B200C81A58 /* Resources */,
			);
			buildRules = (
			);
			dependencies = (
			);
			name = ExpenseTracker;
			productName = ExpenseTracker;
			productReference = 9FBB3B4E2B3476B200C81A58 /* ExpenseTracker.app */;
			productType = "com.apple.product-type.application";
		};
/* End PBXNativeTarget section */

/* Begin PBXProject section */
		9FBB3B462B3476B200C81A58 /* Project object */ = {
			isa = PBXProject;
			attributes = {
				BuildIndependentTargetsInParallel = 1;
				LastSwiftUpdateCheck = 1500;
				LastUpgradeCheck = 1500;
				TargetAttributes = {
					9FBB3B4D2B3476B200C81A58 = {
						CreatedOnToolsVersion = 15.0.1;
					};
				};
			};
			buildConfigurationList = 9FBB3B492B3476B200C81A58 /* Build configuration list for PBXProject "ExpenseTracker" */;
			compatibilityVersion = "Xcode 14.0";
			developmentRegion = en;
			hasScannedForEncodings = 0;
			knownRegions = (
				en,
				Base,
			);
			mainGroup = 9FBB3B452B3476B200C81A58;
			productRefGroup = 9FBB3B4F2B3476B200C81A58 /* Products */;
			projectDirPath = "";
			projectRoot = "";
			targets = (
				9FBB3B4D2B3476B200C81A58 /* ExpenseTracker */,
			);
		};
/* End PBXProject section */

/* Begin PBXResourcesBuildPhase section */
		9FBB3B4C2B3476B200C81A58 /* Resources */ = {
			isa = PBXResourcesBuildPhase;
			buildActionMask = 2147483647;
			files = (
				9FBB3B592B3476B400C81A58 /* Preview Assets.xcassets in Resources */,
				9FBB3B562B3476B400C81A58 /* Assets.xcassets in Resources */,
			);
			runOnlyForDeploymentPostprocessing = 0;
		};
/* End PBXResourcesBuildPhase section */

/* Begin PBXSourcesBuildPhase section */
		9FBB3B4A2B3476B200C81A58 /* Sources */ = {
			isa = PBXSourcesBuildPhase;
			buildActionMask = 2147483647;
			files = (
				9FBB3B6B2B347ABA00C81A58 /* Constants.swift in Sources */,
				9FBB3B542B3476B200C81A58 /* ContentView.swift in Sources */,
				9F11540A2B389C4C004B4693 /* CustomFormSection.swift in Sources */,
				9F1154052B388427004B4693 /* LockView.swift in Sources */,
				9FBB3B522B3476B200C81A58 /* ExpenseTrackerApp.swift in Sources */,
				9F11540C2B3C32C0004B4693 /* FilterTransactionView.swift in Sources */,
				9F1154012B36E3E4004B4693 /* SwipeAction.swift in Sources */,
				9FBB3B7E2B3533C700C81A58 /* GraphsView.swift in Sources */,
				9FBB3B6F2B347EF400C81A58 /* Styles.swift in Sources */,
				9F1153FD2B36D63C004B4693 /* TransactionCardView.swift in Sources */,
				9F1153F72B3539BF004B4693 /* ViewExtentions.swift in Sources */,
				9FBB3B7C2B3533AB00C81A58 /* SearchView.swift in Sources */,
				9FBB3B662B34778B00C81A58 /* IntroView.swift in Sources */,
				9FBB3B802B3533D400C81A58 /* SettingsView.swift in Sources */,
				9F1154082B389044004B4693 /* TransactionView.swift in Sources */,
				9FBB3B682B3479CA00C81A58 /* PointsView.swift in Sources */,
				9FBB3B712B349A9600C81A58 /* Tab.swift in Sources */,
				9FBB3B7A2B35339D00C81A58 /* RecentsView.swift in Sources */,
				9FBB3B732B34A0A300C81A58 /* Category.swift in Sources */,
				9F1153F92B35F05B004B4693 /* Date_Extensions.swift in Sources */,
				9FBB3B772B34A1F800C81A58 /* TintColor.swift in Sources */,
				9F1153FB2B35F5BC004B4693 /* CardView.swift in Sources */,
				9F1154032B38386B004B4693 /* DateFilterView.swift in Sources */,
				9FBB3B752B34A10B00C81A58 /* Transaction.swift in Sources */,
				9F6BB4062B3F1E8E00294A00 /* ChartModel.swift in Sources */,
			);
			runOnlyForDeploymentPostprocessing = 0;
		};
/* End PBXSourcesBuildPhase section */

/* Begin XCBuildConfiguration section */
		9FBB3B5A2B3476B400C81A58 /* Debug */ = {
			isa = XCBuildConfiguration;
			buildSettings = {
				ALWAYS_SEARCH_USER_PATHS = NO;
				ASSETCATALOG_COMPILER_GENERATE_SWIFT_ASSET_SYMBOL_EXTENSIONS = YES;
				CLANG_ANALYZER_NONNULL = YES;
				CLANG_ANALYZER_NUMBER_OBJECT_CONVERSION = YES_AGGRESSIVE;
				CLANG_CXX_LANGUAGE_STANDARD = "gnu++20";
				CLANG_ENABLE_MODULES = YES;
				CLANG_ENABLE_OBJC_ARC = YES;
				CLANG_ENABLE_OBJC_WEAK = YES;
				CLANG_WARN_BLOCK_CAPTURE_AUTORELEASING = YES;
				CLANG_WARN_BOOL_CONVERSION = YES;
				CLANG_WARN_COMMA = YES;
				CLANG_WARN_CONSTANT_CONVERSION = YES;
				CLANG_WARN_DEPRECATED_OBJC_IMPLEMENTATIONS = YES;
				CLANG_WARN_DIRECT_OBJC_ISA_USAGE = YES_ERROR;
				CLANG_WARN_DOCUMENTATION_COMMENTS = YES;
				CLANG_WARN_EMPTY_BODY = YES;
				CLANG_WARN_ENUM_CONVERSION = YES;
				CLANG_WARN_INFINITE_RECURSION = YES;
				CLANG_WARN_INT_CONVERSION = YES;
				CLANG_WARN_NON_LITERAL_NULL_CONVERSION = YES;
				CLANG_WARN_OBJC_IMPLICIT_RETAIN_SELF = YES;
				CLANG_WARN_OBJC_LITERAL_CONVERSION = YES;
				CLANG_WARN_OBJC_ROOT_CLASS = YES_ERROR;
				CLANG_WARN_QUOTED_INCLUDE_IN_FRAMEWORK_HEADER = YES;
				CLANG_WARN_RANGE_LOOP_ANALYSIS = YES;
				CLANG_WARN_STRICT_PROTOTYPES = YES;
				CLANG_WARN_SUSPICIOUS_MOVE = YES;
				CLANG_WARN_UNGUARDED_AVAILABILITY = YES_AGGRESSIVE;
				CLANG_WARN_UNREACHABLE_CODE = YES;
				CLANG_WARN__DUPLICATE_METHOD_MATCH = YES;
				COPY_PHASE_STRIP = NO;
				DEBUG_INFORMATION_FORMAT = dwarf;
				ENABLE_STRICT_OBJC_MSGSEND = YES;
				ENABLE_TESTABILITY = YES;
				ENABLE_USER_SCRIPT_SANDBOXING = YES;
				GCC_C_LANGUAGE_STANDARD = gnu17;
				GCC_DYNAMIC_NO_PIC = NO;
				GCC_NO_COMMON_BLOCKS = YES;
				GCC_OPTIMIZATION_LEVEL = 0;
				GCC_PREPROCESSOR_DEFINITIONS = (
					"DEBUG=1",
					"$(inherited)",
				);
				GCC_WARN_64_TO_32_BIT_CONVERSION = YES;
				GCC_WARN_ABOUT_RETURN_TYPE = YES_ERROR;
				GCC_WARN_UNDECLARED_SELECTOR = YES;
				GCC_WARN_UNINITIALIZED_AUTOS = YES_AGGRESSIVE;
				GCC_WARN_UNUSED_FUNCTION = YES;
				GCC_WARN_UNUSED_VARIABLE = YES;
				IPHONEOS_DEPLOYMENT_TARGET = 17.0;
				LOCALIZATION_PREFERS_STRING_CATALOGS = YES;
				MTL_ENABLE_DEBUG_INFO = INCLUDE_SOURCE;
				MTL_FAST_MATH = YES;
				ONLY_ACTIVE_ARCH = YES;
				SDKROOT = iphoneos;
				SWIFT_ACTIVE_COMPILATION_CONDITIONS = "DEBUG $(inherited)";
				SWIFT_OPTIMIZATION_LEVEL = "-Onone";
			};
			name = Debug;
		};
		9FBB3B5B2B3476B400C81A58 /* Release */ = {
			isa = XCBuildConfiguration;
			buildSettings = {
				ALWAYS_SEARCH_USER_PATHS = NO;
				ASSETCATALOG_COMPILER_GENERATE_SWIFT_ASSET_SYMBOL_EXTENSIONS = YES;
				CLANG_ANALYZER_NONNULL = YES;
				CLANG_ANALYZER_NUMBER_OBJECT_CONVERSION = YES_AGGRESSIVE;
				CLANG_CXX_LANGUAGE_STANDARD = "gnu++20";
				CLANG_ENABLE_MODULES = YES;
				CLANG_ENABLE_OBJC_ARC = YES;
				CLANG_ENABLE_OBJC_WEAK = YES;
				CLANG_WARN_BLOCK_CAPTURE_AUTORELEASING = YES;
				CLANG_WARN_BOOL_CONVERSION = YES;
				CLANG_WARN_COMMA = YES;
				CLANG_WARN_CONSTANT_CONVERSION = YES;
				CLANG_WARN_DEPRECATED_OBJC_IMPLEMENTATIONS = YES;
				CLANG_WARN_DIRECT_OBJC_ISA_USAGE = YES_ERROR;
				CLANG_WARN_DOCUMENTATION_COMMENTS = YES;
				CLANG_WARN_EMPTY_BODY = YES;
				CLANG_WARN_ENUM_CONVERSION = YES;
				CLANG_WARN_INFINITE_RECURSION = YES;
				CLANG_WARN_INT_CONVERSION = YES;
				CLANG_WARN_NON_LITERAL_NULL_CONVERSION = YES;
				CLANG_WARN_OBJC_IMPLICIT_RETAIN_SELF = YES;
				CLANG_WARN_OBJC_LITERAL_CONVERSION = YES;
				CLANG_WARN_OBJC_ROOT_CLASS = YES_ERROR;
				CLANG_WARN_QUOTED_INCLUDE_IN_FRAMEWORK_HEADER = YES;
				CLANG_WARN_RANGE_LOOP_ANALYSIS = YES;
				CLANG_WARN_STRICT_PROTOTYPES = YES;
				CLANG_WARN_SUSPICIOUS_MOVE = YES;
				CLANG_WARN_UNGUARDED_AVAILABILITY = YES_AGGRESSIVE;
				CLANG_WARN_UNREACHABLE_CODE = YES;
				CLANG_WARN__DUPLICATE_METHOD_MATCH = YES;
				COPY_PHASE_STRIP = NO;
				DEBUG_INFORMATION_FORMAT = "dwarf-with-dsym";
				ENABLE_NS_ASSERTIONS = NO;
				ENABLE_STRICT_OBJC_MSGSEND = YES;
				ENABLE_USER_SCRIPT_SANDBOXING = YES;
				GCC_C_LANGUAGE_STANDARD = gnu17;
				GCC_NO_COMMON_BLOCKS = YES;
				GCC_WARN_64_TO_32_BIT_CONVERSION = YES;
				GCC_WARN_ABOUT_RETURN_TYPE = YES_ERROR;
				GCC_WARN_UNDECLARED_SELECTOR = YES;
				GCC_WARN_UNINITIALIZED_AUTOS = YES_AGGRESSIVE;
				GCC_WARN_UNUSED_FUNCTION = YES;
				GCC_WARN_UNUSED_VARIABLE = YES;
				IPHONEOS_DEPLOYMENT_TARGET = 17.0;
				LOCALIZATION_PREFERS_STRING_CATALOGS = YES;
				MTL_ENABLE_DEBUG_INFO = NO;
				MTL_FAST_MATH = YES;
				SDKROOT = iphoneos;
				SWIFT_COMPILATION_MODE = wholemodule;
				VALIDATE_PRODUCT = YES;
			};
			name = Release;
		};
		9FBB3B5D2B3476B400C81A58 /* Debug */ = {
			isa = XCBuildConfiguration;
			buildSettings = {
				ASSETCATALOG_COMPILER_APPICON_NAME = AppIcon;
				ASSETCATALOG_COMPILER_GLOBAL_ACCENT_COLOR_NAME = AccentColor;
				CODE_SIGN_STYLE = Automatic;
				CURRENT_PROJECT_VERSION = 1;
				DEVELOPMENT_ASSET_PATHS = "\"ExpenseTracker/Preview Content\"";
				DEVELOPMENT_TEAM = ZNH5C6YPJ8;
				ENABLE_PREVIEWS = YES;
				GENERATE_INFOPLIST_FILE = YES;
				INFOPLIST_KEY_UIApplicationSceneManifest_Generation = YES;
				INFOPLIST_KEY_UIApplicationSupportsIndirectInputEvents = YES;
				INFOPLIST_KEY_UILaunchScreen_Generation = YES;
				INFOPLIST_KEY_UISupportedInterfaceOrientations_iPad = "UIInterfaceOrientationPortrait UIInterfaceOrientationPortraitUpsideDown UIInterfaceOrientationLandscapeLeft UIInterfaceOrientationLandscapeRight";
				INFOPLIST_KEY_UISupportedInterfaceOrientations_iPhone = "UIInterfaceOrientationPortrait UIInterfaceOrientationLandscapeLeft UIInterfaceOrientationLandscapeRight";
				LD_RUNPATH_SEARCH_PATHS = (
					"$(inherited)",
					"@executable_path/Frameworks",
				);
				MARKETING_VERSION = 1.0;
				PRODUCT_BUNDLE_IDENTIFIER = com.fawas.ExpenseTracker;
				PRODUCT_NAME = "$(TARGET_NAME)";
				SWIFT_EMIT_LOC_STRINGS = YES;
				SWIFT_VERSION = 5.0;
				TARGETED_DEVICE_FAMILY = "1,2";
			};
			name = Debug;
		};
		9FBB3B5E2B3476B400C81A58 /* Release */ = {
			isa = XCBuildConfiguration;
			buildSettings = {
				ASSETCATALOG_COMPILER_APPICON_NAME = AppIcon;
				ASSETCATALOG_COMPILER_GLOBAL_ACCENT_COLOR_NAME = AccentColor;
				CODE_SIGN_STYLE = Automatic;
				CURRENT_PROJECT_VERSION = 1;
				DEVELOPMENT_ASSET_PATHS = "\"ExpenseTracker/Preview Content\"";
				DEVELOPMENT_TEAM = ZNH5C6YPJ8;
				ENABLE_PREVIEWS = YES;
				GENERATE_INFOPLIST_FILE = YES;
				INFOPLIST_KEY_UIApplicationSceneManifest_Generation = YES;
				INFOPLIST_KEY_UIApplicationSupportsIndirectInputEvents = YES;
				INFOPLIST_KEY_UILaunchScreen_Generation = YES;
				INFOPLIST_KEY_UISupportedInterfaceOrientations_iPad = "UIInterfaceOrientationPortrait UIInterfaceOrientationPortraitUpsideDown UIInterfaceOrientationLandscapeLeft UIInterfaceOrientationLandscapeRight";
				INFOPLIST_KEY_UISupportedInterfaceOrientations_iPhone = "UIInterfaceOrientationPortrait UIInterfaceOrientationLandscapeLeft UIInterfaceOrientationLandscapeRight";
				LD_RUNPATH_SEARCH_PATHS = (
					"$(inherited)",
					"@executable_path/Frameworks",
				);
				MARKETING_VERSION = 1.0;
				PRODUCT_BUNDLE_IDENTIFIER = com.fawas.ExpenseTracker;
				PRODUCT_NAME = "$(TARGET_NAME)";
				SWIFT_EMIT_LOC_STRINGS = YES;
				SWIFT_VERSION = 5.0;
				TARGETED_DEVICE_FAMILY = "1,2";
			};
			name = Release;
		};
/* End XCBuildConfiguration section */

/* Begin XCConfigurationList section */
		9FBB3B492B3476B200C81A58 /* Build configuration list for PBXProject "ExpenseTracker" */ = {
			isa = XCConfigurationList;
			buildConfigurations = (
				9FBB3B5A2B3476B400C81A58 /* Debug */,
				9FBB3B5B2B3476B400C81A58 /* Release */,
			);
			defaultConfigurationIsVisible = 0;
			defaultConfigurationName = Release;
		};
		9FBB3B5C2B3476B400C81A58 /* Build configuration list for PBXNativeTarget "ExpenseTracker" */ = {
			isa = XCConfigurationList;
			buildConfigurations = (
				9FBB3B5D2B3476B400C81A58 /* Debug */,
				9FBB3B5E2B3476B400C81A58 /* Release */,
			);
			defaultConfigurationIsVisible = 0;
			defaultConfigurationName = Release;
		};
/* End XCConfigurationList section */
	};
	rootObject = 9FBB3B462B3476B200C81A58 /* Project object */;
}
